
Microsoft Visual Studio Solution File, Format Version 12.00
Project("{2150E333-8FDC-42A3-9474-1A3956D46DE8}") = "Bootstrap", "Bootstrap", "{AC86BE29-8084-4E45-AAA7-2DD132C49326}"
EndProject
Project("{2150E333-8FDC-42A3-9474-1A3956D46DE8}") = "Modules", "Modules", "{9B84F6C3-25F2-4903-A172-AD7F6721744B}"
EndProject
Project("{FAE04EC0-301F-11D3-BF4B-00C04F79EFBC}") = "MonolithModularNET.Auth", "Modules\MonolithModularNET.Auth\MonolithModularNET.Auth.csproj", "{B0432153-4D72-4825-AF7A-7DF63F1C1AAA}"
EndProject
Project("{FAE04EC0-301F-11D3-BF4B-00C04F79EFBC}") = "MonolithModularNET.Auth.Core", "Modules\MonolithModularNET.Auth.Core\MonolithModularNET.Auth.Core.csproj", "{5DE5D665-7C68-42E8-AF1A-DC7E2588504A}"
EndProject
Project("{FAE04EC0-301F-11D3-BF4B-00C04F79EFBC}") = "WebApi", "WebApi\WebApi.csproj", "{38BFF218-D6C1-4817-AD6F-09935C6D71CD}"
EndProject
Project("{2150E333-8FDC-42A3-9474-1A3956D46DE8}") = "Core", "Core", "{D39D3C97-9A91-4680-9106-064D509A6133}"
EndProject
Project("{FAE04EC0-301F-11D3-BF4B-00C04F79EFBC}") = "MonolithModularNET.Extensions.Abstractions", "Modules\MonolithModularNET.Extensions.Abstractions\MonolithModularNET.Extensions.Abstractions.csproj", "{61CF5111-6FAC-4034-9C58-64CE90939184}"
EndProject
Project("{FAE04EC0-301F-11D3-BF4B-00C04F79EFBC}") = "MonolithModularNET.Extensions.Shared", "Modules\MonolithModularNET.Extensions.Shared\MonolithModularNET.Extensions.Shared.csproj", "{771FF969-7471-42E9-B5EC-E6143C970C30}"
EndProject
Project("{2150E333-8FDC-42A3-9474-1A3956D46DE8}") = "MonolithModularNET.Auth", "MonolithModularNET.Auth", "{684CAF96-56D7-4E35-985D-296DDBCA1397}"
EndProject
Project("{2150E333-8FDC-42A3-9474-1A3956D46DE8}") = "MonolithModularNET.User", "MonolithModularNET.User", "{99029C9F-4C0F-4A68-979B-79B63D075325}"
EndProject
Project("{FAE04EC0-301F-11D3-BF4B-00C04F79EFBC}") = "MonolithModularNET.User", "Modules\MonolithModularNET.User\MonolithModularNET.User.csproj", "{C93F2721-BD21-449A-B4F2-A4732492BB2F}"
EndProject
Project("{FAE04EC0-301F-11D3-BF4B-00C04F79EFBC}") = "MonolithModularNET.User.Core", "Modules\MonolithModularNET.User.Core\MonolithModularNET.User.Core.csproj", "{8E8FCDA6-0BBA-4271-84D8-C51FEFF3F2BE}"
EndProject
Project("{FAE04EC0-301F-11D3-BF4B-00C04F79EFBC}") = "MonolithModularNET.User.Infrastructure", "Modules\MonolithModularNET.User.Infrastructure\MonolithModularNET.User.Infrastructure.csproj", "{226C6B64-CE75-4465-BCB6-07B9A8F9544E}"
EndProject
Project("{2150E333-8FDC-42A3-9474-1A3956D46DE8}") = "MonolithModular.Master", "MonolithModular.Master", "{174B6DF9-12DA-45E0-8447-BACE1CF1784C}"
EndProject
Project("{FAE04EC0-301F-11D3-BF4B-00C04F79EFBC}") = "MonolithModularNET.Master.Core", "Modules\MonolithModularNET.Master.Core\MonolithModularNET.Master.Core.csproj", "{54C7F889-4660-4B0B-BA1C-81692CCCCB63}"
EndProject
Project("{FAE04EC0-301F-11D3-BF4B-00C04F79EFBC}") = "MonolithModularNET.Master.Infrastructure", "Modules\MonolithModularNET.Master.Infrastructure\MonolithModularNET.Master.Infrastructure.csproj", "{78E193C1-F2D6-4FAF-9B02-FEBC146CEA1D}"
EndProject
Project("{FAE04EC0-301F-11D3-BF4B-00C04F79EFBC}") = "MonolithModularNET.Master", "Modules\MonolithModularNET.Master\MonolithModularNET.Master.csproj", "{59811815-A5FA-470D-8B2D-A1BE23331062}"
EndProject
Project("{FAE04EC0-301F-11D3-BF4B-00C04F79EFBC}") = "MonolithModularNET.Extensions.Core", "Modules\MonolithModularNET.Extensions.Core\MonolithModularNET.Extensions.Core.csproj", "{F95716AD-88D4-407F-B665-BCC1D3B7980E}"
EndProject
Global
	GlobalSection(SolutionConfigurationPlatforms) = preSolution
		Debug|Any CPU = Debug|Any CPU
		Release|Any CPU = Release|Any CPU
	EndGlobalSection
	GlobalSection(NestedProjects) = preSolution
		{38BFF218-D6C1-4817-AD6F-09935C6D71CD} = {AC86BE29-8084-4E45-AAA7-2DD132C49326}
		{61CF5111-6FAC-4034-9C58-64CE90939184} = {D39D3C97-9A91-4680-9106-064D509A6133}
		{771FF969-7471-42E9-B5EC-E6143C970C30} = {D39D3C97-9A91-4680-9106-064D509A6133}
		{684CAF96-56D7-4E35-985D-296DDBCA1397} = {9B84F6C3-25F2-4903-A172-AD7F6721744B}
		{B0432153-4D72-4825-AF7A-7DF63F1C1AAA} = {684CAF96-56D7-4E35-985D-296DDBCA1397}
		{5DE5D665-7C68-42E8-AF1A-DC7E2588504A} = {684CAF96-56D7-4E35-985D-296DDBCA1397}
		{99029C9F-4C0F-4A68-979B-79B63D075325} = {9B84F6C3-25F2-4903-A172-AD7F6721744B}
		{C93F2721-BD21-449A-B4F2-A4732492BB2F} = {99029C9F-4C0F-4A68-979B-79B63D075325}
		{8E8FCDA6-0BBA-4271-84D8-C51FEFF3F2BE} = {99029C9F-4C0F-4A68-979B-79B63D075325}
		{226C6B64-CE75-4465-BCB6-07B9A8F9544E} = {99029C9F-4C0F-4A68-979B-79B63D075325}
		{174B6DF9-12DA-45E0-8447-BACE1CF1784C} = {9B84F6C3-25F2-4903-A172-AD7F6721744B}
		{54C7F889-4660-4B0B-BA1C-81692CCCCB63} = {174B6DF9-12DA-45E0-8447-BACE1CF1784C}
		{78E193C1-F2D6-4FAF-9B02-FEBC146CEA1D} = {174B6DF9-12DA-45E0-8447-BACE1CF1784C}
		{59811815-A5FA-470D-8B2D-A1BE23331062} = {174B6DF9-12DA-45E0-8447-BACE1CF1784C}
		{F95716AD-88D4-407F-B665-BCC1D3B7980E} = {D39D3C97-9A91-4680-9106-064D509A6133}
	EndGlobalSection
	GlobalSection(ProjectConfigurationPlatforms) = postSolution
		{B0432153-4D72-4825-AF7A-7DF63F1C1AAA}.Debug|Any CPU.ActiveCfg = Debug|Any CPU
		{B0432153-4D72-4825-AF7A-7DF63F1C1AAA}.Debug|Any CPU.Build.0 = Debug|Any CPU
		{B0432153-4D72-4825-AF7A-7DF63F1C1AAA}.Release|Any CPU.ActiveCfg = Release|Any CPU
		{B0432153-4D72-4825-AF7A-7DF63F1C1AAA}.Release|Any CPU.Build.0 = Release|Any CPU
		{5DE5D665-7C68-42E8-AF1A-DC7E2588504A}.Debug|Any CPU.ActiveCfg = Debug|Any CPU
		{5DE5D665-7C68-42E8-AF1A-DC7E2588504A}.Debug|Any CPU.Build.0 = Debug|Any CPU
		{5DE5D665-7C68-42E8-AF1A-DC7E2588504A}.Release|Any CPU.ActiveCfg = Release|Any CPU
		{5DE5D665-7C68-42E8-AF1A-DC7E2588504A}.Release|Any CPU.Build.0 = Release|Any CPU
		{38BFF218-D6C1-4817-AD6F-09935C6D71CD}.Debug|Any CPU.ActiveCfg = Debug|Any CPU
		{38BFF218-D6C1-4817-AD6F-09935C6D71CD}.Debug|Any CPU.Build.0 = Debug|Any CPU
		{38BFF218-D6C1-4817-AD6F-09935C6D71CD}.Release|Any CPU.ActiveCfg = Release|Any CPU
		{38BFF218-D6C1-4817-AD6F-09935C6D71CD}.Release|Any CPU.Build.0 = Release|Any CPU
		{61CF5111-6FAC-4034-9C58-64CE90939184}.Debug|Any CPU.ActiveCfg = Debug|Any CPU
		{61CF5111-6FAC-4034-9C58-64CE90939184}.Debug|Any CPU.Build.0 = Debug|Any CPU
		{61CF5111-6FAC-4034-9C58-64CE90939184}.Release|Any CPU.ActiveCfg = Release|Any CPU
		{61CF5111-6FAC-4034-9C58-64CE90939184}.Release|Any CPU.Build.0 = Release|Any CPU
		{771FF969-7471-42E9-B5EC-E6143C970C30}.Debug|Any CPU.ActiveCfg = Debug|Any CPU
		{771FF969-7471-42E9-B5EC-E6143C970C30}.Debug|Any CPU.Build.0 = Debug|Any CPU
		{771FF969-7471-42E9-B5EC-E6143C970C30}.Release|Any CPU.ActiveCfg = Release|Any CPU
		{771FF969-7471-42E9-B5EC-E6143C970C30}.Release|Any CPU.Build.0 = Release|Any CPU
		{C93F2721-BD21-449A-B4F2-A4732492BB2F}.Debug|Any CPU.ActiveCfg = Debug|Any CPU
		{C93F2721-BD21-449A-B4F2-A4732492BB2F}.Debug|Any CPU.Build.0 = Debug|Any CPU
		{C93F2721-BD21-449A-B4F2-A4732492BB2F}.Release|Any CPU.ActiveCfg = Release|Any CPU
		{C93F2721-BD21-449A-B4F2-A4732492BB2F}.Release|Any CPU.Build.0 = Release|Any CPU
		{8E8FCDA6-0BBA-4271-84D8-C51FEFF3F2BE}.Debug|Any CPU.ActiveCfg = Debug|Any CPU
		{8E8FCDA6-0BBA-4271-84D8-C51FEFF3F2BE}.Debug|Any CPU.Build.0 = Debug|Any CPU
		{8E8FCDA6-0BBA-4271-84D8-C51FEFF3F2BE}.Release|Any CPU.ActiveCfg = Release|Any CPU
		{8E8FCDA6-0BBA-4271-84D8-C51FEFF3F2BE}.Release|Any CPU.Build.0 = Release|Any CPU
		{226C6B64-CE75-4465-BCB6-07B9A8F9544E}.Debug|Any CPU.ActiveCfg = Debug|Any CPU
		{226C6B64-CE75-4465-BCB6-07B9A8F9544E}.Debug|Any CPU.Build.0 = Debug|Any CPU
		{226C6B64-CE75-4465-BCB6-07B9A8F9544E}.Release|Any CPU.ActiveCfg = Release|Any CPU
		{226C6B64-CE75-4465-BCB6-07B9A8F9544E}.Release|Any CPU.Build.0 = Release|Any CPU
		{54C7F889-4660-4B0B-BA1C-81692CCCCB63}.Debug|Any CPU.ActiveCfg = Debug|Any CPU
		{54C7F889-4660-4B0B-BA1C-81692CCCCB63}.Debug|Any CPU.Build.0 = Debug|Any CPU
		{54C7F889-4660-4B0B-BA1C-81692CCCCB63}.Release|Any CPU.ActiveCfg = Release|Any CPU
		{54C7F889-4660-4B0B-BA1C-81692CCCCB63}.Release|Any CPU.Build.0 = Release|Any CPU
		{78E193C1-F2D6-4FAF-9B02-FEBC146CEA1D}.Debug|Any CPU.ActiveCfg = Debug|Any CPU
		{78E193C1-F2D6-4FAF-9B02-FEBC146CEA1D}.Debug|Any CPU.Build.0 = Debug|Any CPU
		{78E193C1-F2D6-4FAF-9B02-FEBC146CEA1D}.Release|Any CPU.ActiveCfg = Release|Any CPU
		{78E193C1-F2D6-4FAF-9B02-FEBC146CEA1D}.Release|Any CPU.Build.0 = Release|Any CPU
		{59811815-A5FA-470D-8B2D-A1BE23331062}.Debug|Any CPU.ActiveCfg = Debug|Any CPU
		{59811815-A5FA-470D-8B2D-A1BE23331062}.Debug|Any CPU.Build.0 = Debug|Any CPU
		{59811815-A5FA-470D-8B2D-A1BE23331062}.Release|Any CPU.ActiveCfg = Release|Any CPU
		{59811815-A5FA-470D-8B2D-A1BE23331062}.Release|Any CPU.Build.0 = Release|Any CPU
		{F95716AD-88D4-407F-B665-BCC1D3B7980E}.Debug|Any CPU.ActiveCfg = Debug|Any CPU
		{F95716AD-88D4-407F-B665-BCC1D3B7980E}.Debug|Any CPU.Build.0 = Debug|Any CPU
		{F95716AD-88D4-407F-B665-BCC1D3B7980E}.Release|Any CPU.ActiveCfg = Release|Any CPU
		{F95716AD-88D4-407F-B665-BCC1D3B7980E}.Release|Any CPU.Build.0 = Release|Any CPU
	EndGlobalSection
EndGlobal
