
Microsoft Visual Studio Solution File, Format Version 12.00
Project("{2150E333-8FDC-42A3-9474-1A3956D46DE8}") = "Bootstrap", "Bootstrap", "{AC86BE29-8084-4E45-AAA7-2DD132C49326}"
EndProject
Project("{2150E333-8FDC-42A3-9474-1A3956D46DE8}") = "Modules", "Modules", "{9B84F6C3-25F2-4903-A172-AD7F6721744B}"
EndProject
Project("{FAE04EC0-301F-11D3-BF4B-00C04F79EFBC}") = "MonolithModularNET.Auth", "Modules\MonolithModularNET.Auth\MonolithModularNET.Auth.csproj", "{B0432153-4D72-4825-AF7A-7DF63F1C1AAA}"
EndProject
Project("{FAE04EC0-301F-11D3-BF4B-00C04F79EFBC}") = "MonolithModularNET.Auth.Core", "Modules\MonolithModularNET.Auth.Core\MonolithModularNET.Auth.Core.csproj", "{5DE5D665-7C68-42E8-AF1A-DC7E2588504A}"
EndProject
Project("{FAE04EC0-301F-11D3-BF4B-00C04F79EFBC}") = "WebApi", "WebApi\WebApi.csproj", "{38BFF218-D6C1-4817-AD6F-09935C6D71CD}"
EndProject
Project("{2150E333-8FDC-42A3-9474-1A3956D46DE8}") = "Core", "Core", "{D39D3C97-9A91-4680-9106-064D509A6133}"
EndProject
Project("{FAE04EC0-301F-11D3-BF4B-00C04F79EFBC}") = "MonolithModularNET.Extensions.Abstractions", "Modules\MonolithModularNET.Extensions.Abstractions\MonolithModularNET.Extensions.Abstractions.csproj", "{61CF5111-6FAC-4034-9C58-64CE90939184}"
EndProject
Project("{FAE04EC0-301F-11D3-BF4B-00C04F79EFBC}") = "MonolithModularNET.Extensions.Shared", "Modules\MonolithModularNET.Extensions.Shared\MonolithModularNET.Extensions.Shared.csproj", "{771FF969-7471-42E9-B5EC-E6143C970C30}"
EndProject
Global
	GlobalSection(SolutionConfigurationPlatforms) = preSolution
		Debug|Any CPU = Debug|Any CPU
		Release|Any CPU = Release|Any CPU
	EndGlobalSection
	GlobalSection(NestedProjects) = preSolution
		{B0432153-4D72-4825-AF7A-7DF63F1C1AAA} = {9B84F6C3-25F2-4903-A172-AD7F6721744B}
		{5DE5D665-7C68-42E8-AF1A-DC7E2588504A} = {9B84F6C3-25F2-4903-A172-AD7F6721744B}
		{38BFF218-D6C1-4817-AD6F-09935C6D71CD} = {AC86BE29-8084-4E45-AAA7-2DD132C49326}
		{61CF5111-6FAC-4034-9C58-64CE90939184} = {D39D3C97-9A91-4680-9106-064D509A6133}
		{771FF969-7471-42E9-B5EC-E6143C970C30} = {D39D3C97-9A91-4680-9106-064D509A6133}
	EndGlobalSection
	GlobalSection(ProjectConfigurationPlatforms) = postSolution
		{B0432153-4D72-4825-AF7A-7DF63F1C1AAA}.Debug|Any CPU.ActiveCfg = Debug|Any CPU
		{B0432153-4D72-4825-AF7A-7DF63F1C1AAA}.Debug|Any CPU.Build.0 = Debug|Any CPU
		{B0432153-4D72-4825-AF7A-7DF63F1C1AAA}.Release|Any CPU.ActiveCfg = Release|Any CPU
		{B0432153-4D72-4825-AF7A-7DF63F1C1AAA}.Release|Any CPU.Build.0 = Release|Any CPU
		{5DE5D665-7C68-42E8-AF1A-DC7E2588504A}.Debug|Any CPU.ActiveCfg = Debug|Any CPU
		{5DE5D665-7C68-42E8-AF1A-DC7E2588504A}.Debug|Any CPU.Build.0 = Debug|Any CPU
		{5DE5D665-7C68-42E8-AF1A-DC7E2588504A}.Release|Any CPU.ActiveCfg = Release|Any CPU
		{5DE5D665-7C68-42E8-AF1A-DC7E2588504A}.Release|Any CPU.Build.0 = Release|Any CPU
		{38BFF218-D6C1-4817-AD6F-09935C6D71CD}.Debug|Any CPU.ActiveCfg = Debug|Any CPU
		{38BFF218-D6C1-4817-AD6F-09935C6D71CD}.Debug|Any CPU.Build.0 = Debug|Any CPU
		{38BFF218-D6C1-4817-AD6F-09935C6D71CD}.Release|Any CPU.ActiveCfg = Release|Any CPU
		{38BFF218-D6C1-4817-AD6F-09935C6D71CD}.Release|Any CPU.Build.0 = Release|Any CPU
		{61CF5111-6FAC-4034-9C58-64CE90939184}.Debug|Any CPU.ActiveCfg = Debug|Any CPU
		{61CF5111-6FAC-4034-9C58-64CE90939184}.Debug|Any CPU.Build.0 = Debug|Any CPU
		{61CF5111-6FAC-4034-9C58-64CE90939184}.Release|Any CPU.ActiveCfg = Release|Any CPU
		{61CF5111-6FAC-4034-9C58-64CE90939184}.Release|Any CPU.Build.0 = Release|Any CPU
		{771FF969-7471-42E9-B5EC-E6143C970C30}.Debug|Any CPU.ActiveCfg = Debug|Any CPU
		{771FF969-7471-42E9-B5EC-E6143C970C30}.Debug|Any CPU.Build.0 = Debug|Any CPU
		{771FF969-7471-42E9-B5EC-E6143C970C30}.Release|Any CPU.ActiveCfg = Release|Any CPU
		{771FF969-7471-42E9-B5EC-E6143C970C30}.Release|Any CPU.Build.0 = Release|Any CPU
	EndGlobalSection
EndGlobal
